// !$*UTF8*$!
{
	archiveVersion = 1;
	classes = {
	};
	objectVersion = 50;
	objects = {

/* Begin PBXBuildFile section */
		9B78E4D624D5B62100141277 /* KeyboardHeightObserver.m in Sources */ = {isa = PBXBuildFile; fileRef = 9B78E4D524D5B62100141277 /* KeyboardHeightObserver.m */; };
		9B78E4E124D5B9CC00141277 /* MoreViewController.xib in Resources */ = {isa = PBXBuildFile; fileRef = 9B78E4DC24D5B9CC00141277 /* MoreViewController.xib */; };
		9B78E4E224D5B9CC00141277 /* MoreViewController.m in Sources */ = {isa = PBXBuildFile; fileRef = 9B78E4DD24D5B9CC00141277 /* MoreViewController.m */; };
		9B78E4E824D600B500141277 /* SearchViewController.m in Sources */ = {isa = PBXBuildFile; fileRef = 9B78E4E624D600B500141277 /* SearchViewController.m */; };
		9B78E4E924D600B500141277 /* SearchViewController.xib in Resources */ = {isa = PBXBuildFile; fileRef = 9B78E4E724D600B500141277 /* SearchViewController.xib */; };
		9B78E4F624D75CED00141277 /* DetailViewController.m in Sources */ = {isa = PBXBuildFile; fileRef = 9B78E4F424D75CED00141277 /* DetailViewController.m */; };
		9B78E4F724D75CED00141277 /* DetailViewController.xib in Resources */ = {isa = PBXBuildFile; fileRef = 9B78E4F524D75CED00141277 /* DetailViewController.xib */; };
		EF84320EAB7CB451CAEEE201 /* Pods_Drinder_ios.framework in Frameworks */ = {isa = PBXBuildFile; fileRef = 7C210F970F6FF0B3C187140C /* Pods_Drinder_ios.framework */; };
		F32E490124D71DD80076EC29 /* SearchTableViewCell.xib in Resources */ = {isa = PBXBuildFile; fileRef = F32E48FC24D71DD80076EC29 /* SearchTableViewCell.xib */; };
		F32E490224D71DD80076EC29 /* SearchTableViewCell.m in Sources */ = {isa = PBXBuildFile; fileRef = F32E48FD24D71DD80076EC29 /* SearchTableViewCell.m */; };
		F32E490924D71E310076EC29 /* MoreTableViewCell.m in Sources */ = {isa = PBXBuildFile; fileRef = F32E490724D71E310076EC29 /* MoreTableViewCell.m */; };
		F32E490A24D71E310076EC29 /* MoreTableViewCell.xib in Resources */ = {isa = PBXBuildFile; fileRef = F32E490824D71E310076EC29 /* MoreTableViewCell.xib */; };
		F32E491024D72C650076EC29 /* GetDetailsOperation.m in Sources */ = {isa = PBXBuildFile; fileRef = F32E490F24D72C650076EC29 /* GetDetailsOperation.m */; };
		F32EE98F24D55BBF0042FFFA /* LoginInteractor.m in Sources */ = {isa = PBXBuildFile; fileRef = F32EE98E24D55BBF0042FFFA /* LoginInteractor.m */; };
		F32EE99224D55BD50042FFFA /* Interactor.m in Sources */ = {isa = PBXBuildFile; fileRef = F32EE99124D55BD50042FFFA /* Interactor.m */; };
		F32EE99624D560180042FFFA /* UserDataModel.m in Sources */ = {isa = PBXBuildFile; fileRef = F32EE99524D560180042FFFA /* UserDataModel.m */; };
		F32EE99A24D56F470042FFFA /* RegistrationViewController.m in Sources */ = {isa = PBXBuildFile; fileRef = F32EE99824D56F470042FFFA /* RegistrationViewController.m */; };
		F32EE99B24D56F470042FFFA /* RegistrationViewController.xib in Resources */ = {isa = PBXBuildFile; fileRef = F32EE99924D56F470042FFFA /* RegistrationViewController.xib */; };
		F32EE99E24D56F690042FFFA /* RegistrationInteractor.m in Sources */ = {isa = PBXBuildFile; fileRef = F32EE99D24D56F690042FFFA /* RegistrationInteractor.m */; };
		F32EE9A324D57F320042FFFA /* BackendAPIHelper.m in Sources */ = {isa = PBXBuildFile; fileRef = F32EE9A224D57F320042FFFA /* BackendAPIHelper.m */; };
		F32EE9A624D580400042FFFA /* UserDefaultsHelper.m in Sources */ = {isa = PBXBuildFile; fileRef = F32EE9A524D580400042FFFA /* UserDefaultsHelper.m */; };
		F32EE9AD24D5A2840042FFFA /* UserInfoSession.m in Sources */ = {isa = PBXBuildFile; fileRef = F32EE9AC24D5A2840042FFFA /* UserInfoSession.m */; };
		F32EE9B024D5A7220042FFFA /* TabCoordinator.m in Sources */ = {isa = PBXBuildFile; fileRef = F32EE9AF24D5A7220042FFFA /* TabCoordinator.m */; };
		F339AA2724D4D27000A6679B /* Assembly.m in Sources */ = {isa = PBXBuildFile; fileRef = F339AA2624D4D27000A6679B /* Assembly.m */; };
		F339AA2A24D4D30100A6679B /* RootAssembly.m in Sources */ = {isa = PBXBuildFile; fileRef = F339AA2924D4D30100A6679B /* RootAssembly.m */; };
		F339AA2E24D4D76100A6679B /* RootCoordinator.m in Sources */ = {isa = PBXBuildFile; fileRef = F339AA2D24D4D76100A6679B /* RootCoordinator.m */; };
		F3559BDA24D5EB67001C08EC /* MainTabCoordinator.m in Sources */ = {isa = PBXBuildFile; fileRef = F3559BD924D5EB67001C08EC /* MainTabCoordinator.m */; };
		F3559BDD24D5EC08001C08EC /* MainAssembly.m in Sources */ = {isa = PBXBuildFile; fileRef = F3559BDC24D5EC08001C08EC /* MainAssembly.m */; };
		F3559BE024D5F1B1001C08EC /* NavigationCoordinator.m in Sources */ = {isa = PBXBuildFile; fileRef = F3559BDF24D5F1B1001C08EC /* NavigationCoordinator.m */; };
		F3559BE324D5F347001C08EC /* SearchCoordinator.m in Sources */ = {isa = PBXBuildFile; fileRef = F3559BE224D5F347001C08EC /* SearchCoordinator.m */; };
		F3559BE624D5F37B001C08EC /* MoreCoordinator.m in Sources */ = {isa = PBXBuildFile; fileRef = F3559BE524D5F37B001C08EC /* MoreCoordinator.m */; };
		F3559BE924D5F3A5001C08EC /* SearchAssembly.m in Sources */ = {isa = PBXBuildFile; fileRef = F3559BE824D5F3A5001C08EC /* SearchAssembly.m */; };
		F3559BEC24D5F3E3001C08EC /* MoreAssembly.m in Sources */ = {isa = PBXBuildFile; fileRef = F3559BEB24D5F3E3001C08EC /* MoreAssembly.m */; };
		F3559BEF24D6C250001C08EC /* SearchInteractor.m in Sources */ = {isa = PBXBuildFile; fileRef = F3559BEE24D6C250001C08EC /* SearchInteractor.m */; };
		F3559BF524D6D964001C08EC /* UserDetailsInfo.m in Sources */ = {isa = PBXBuildFile; fileRef = F3559BF424D6D964001C08EC /* UserDetailsInfo.m */; };
		F3559C0724D6F299001C08EC /* BaseBackendOperations.m in Sources */ = {isa = PBXBuildFile; fileRef = F3559BFF24D6F299001C08EC /* BaseBackendOperations.m */; };
		F3559C0924D6F299001C08EC /* AsyncOperation.m in Sources */ = {isa = PBXBuildFile; fileRef = F3559C0324D6F299001C08EC /* AsyncOperation.m */; };
		F3559C0D24D6F560001C08EC /* UserLocation.m in Sources */ = {isa = PBXBuildFile; fileRef = F3559C0C24D6F560001C08EC /* UserLocation.m */; };
		F3559C1024D70BCD001C08EC /* AfterLoginGetInfoOperation.m in Sources */ = {isa = PBXBuildFile; fileRef = F3559C0F24D70BCD001C08EC /* AfterLoginGetInfoOperation.m */; };
		F3559C1324D70C2B001C08EC /* PostLocationOperation.m in Sources */ = {isa = PBXBuildFile; fileRef = F3559C1224D70C2B001C08EC /* PostLocationOperation.m */; };
		F3559C1624D70C52001C08EC /* GetNearestUsersLocation.m in Sources */ = {isa = PBXBuildFile; fileRef = F3559C1524D70C52001C08EC /* GetNearestUsersLocation.m */; };
		F3559C1924D70C78001C08EC /* NearestUserData.m in Sources */ = {isa = PBXBuildFile; fileRef = F3559C1824D70C78001C08EC /* NearestUserData.m */; };
		F3C526C324D498E0007DCAED /* AppDelegate.m in Sources */ = {isa = PBXBuildFile; fileRef = F3C526C224D498E0007DCAED /* AppDelegate.m */; };
		F3C526CE24D498E5007DCAED /* Assets.xcassets in Resources */ = {isa = PBXBuildFile; fileRef = F3C526CD24D498E5007DCAED /* Assets.xcassets */; };
		F3C526D124D498E6007DCAED /* LaunchScreen.storyboard in Resources */ = {isa = PBXBuildFile; fileRef = F3C526CF24D498E6007DCAED /* LaunchScreen.storyboard */; };
		F3C526D424D498E6007DCAED /* main.m in Sources */ = {isa = PBXBuildFile; fileRef = F3C526D324D498E6007DCAED /* main.m */; };
		F3C526DF24D4BF11007DCAED /* ViewController.m in Sources */ = {isa = PBXBuildFile; fileRef = F3C526DE24D4BF11007DCAED /* ViewController.m */; };
		F3C526E324D4BFBB007DCAED /* LoginViewController.m in Sources */ = {isa = PBXBuildFile; fileRef = F3C526E124D4BFBB007DCAED /* LoginViewController.m */; };
		F3C526E424D4BFBB007DCAED /* LoginViewController.xib in Resources */ = {isa = PBXBuildFile; fileRef = F3C526E224D4BFBB007DCAED /* LoginViewController.xib */; };
		F3C526E724D4C3F3007DCAED /* Coordinator.m in Sources */ = {isa = PBXBuildFile; fileRef = F3C526E624D4C3F3007DCAED /* Coordinator.m */; };
		F3C526EE24D4C6E2007DCAED /* ModalCoordinator.m in Sources */ = {isa = PBXBuildFile; fileRef = F3C526ED24D4C6E2007DCAED /* ModalCoordinator.m */; };
/* End PBXBuildFile section */

/* Begin PBXFileReference section */
		54B1D232856F8C75C602695E /* Pods-Drinder-ios.debug.xcconfig */ = {isa = PBXFileReference; includeInIndex = 1; lastKnownFileType = text.xcconfig; name = "Pods-Drinder-ios.debug.xcconfig"; path = "Target Support Files/Pods-Drinder-ios/Pods-Drinder-ios.debug.xcconfig"; sourceTree = "<group>"; };
		7C210F970F6FF0B3C187140C /* Pods_Drinder_ios.framework */ = {isa = PBXFileReference; explicitFileType = wrapper.framework; includeInIndex = 0; path = Pods_Drinder_ios.framework; sourceTree = BUILT_PRODUCTS_DIR; };
		9B78E4D424D5B62000141277 /* KeyboardHeightObserver.h */ = {isa = PBXFileReference; lastKnownFileType = sourcecode.c.h; path = KeyboardHeightObserver.h; sourceTree = "<group>"; };
		9B78E4D524D5B62100141277 /* KeyboardHeightObserver.m */ = {isa = PBXFileReference; lastKnownFileType = sourcecode.c.objc; path = KeyboardHeightObserver.m; sourceTree = "<group>"; };
		9B78E4DC24D5B9CC00141277 /* MoreViewController.xib */ = {isa = PBXFileReference; fileEncoding = 4; lastKnownFileType = file.xib; path = MoreViewController.xib; sourceTree = "<group>"; };
		9B78E4DD24D5B9CC00141277 /* MoreViewController.m */ = {isa = PBXFileReference; fileEncoding = 4; lastKnownFileType = sourcecode.c.objc; path = MoreViewController.m; sourceTree = "<group>"; };
		9B78E4DE24D5B9CC00141277 /* MoreViewController.h */ = {isa = PBXFileReference; fileEncoding = 4; lastKnownFileType = sourcecode.c.h; path = MoreViewController.h; sourceTree = "<group>"; };
		9B78E4E524D600B500141277 /* SearchViewController.h */ = {isa = PBXFileReference; lastKnownFileType = sourcecode.c.h; path = SearchViewController.h; sourceTree = "<group>"; };
		9B78E4E624D600B500141277 /* SearchViewController.m */ = {isa = PBXFileReference; lastKnownFileType = sourcecode.c.objc; path = SearchViewController.m; sourceTree = "<group>"; };
		9B78E4E724D600B500141277 /* SearchViewController.xib */ = {isa = PBXFileReference; lastKnownFileType = file.xib; path = SearchViewController.xib; sourceTree = "<group>"; };
		9B78E4F324D75CED00141277 /* DetailViewController.h */ = {isa = PBXFileReference; lastKnownFileType = sourcecode.c.h; path = DetailViewController.h; sourceTree = "<group>"; };
		9B78E4F424D75CED00141277 /* DetailViewController.m */ = {isa = PBXFileReference; lastKnownFileType = sourcecode.c.objc; path = DetailViewController.m; sourceTree = "<group>"; };
		9B78E4F524D75CED00141277 /* DetailViewController.xib */ = {isa = PBXFileReference; lastKnownFileType = file.xib; path = DetailViewController.xib; sourceTree = "<group>"; };
		CDB13A0031578100D46B8D6F /* Pods-Drinder-ios.release.xcconfig */ = {isa = PBXFileReference; includeInIndex = 1; lastKnownFileType = text.xcconfig; name = "Pods-Drinder-ios.release.xcconfig"; path = "Target Support Files/Pods-Drinder-ios/Pods-Drinder-ios.release.xcconfig"; sourceTree = "<group>"; };
		F32E48FC24D71DD80076EC29 /* SearchTableViewCell.xib */ = {isa = PBXFileReference; fileEncoding = 4; lastKnownFileType = file.xib; path = SearchTableViewCell.xib; sourceTree = "<group>"; };
		F32E48FD24D71DD80076EC29 /* SearchTableViewCell.m */ = {isa = PBXFileReference; fileEncoding = 4; lastKnownFileType = sourcecode.c.objc; path = SearchTableViewCell.m; sourceTree = "<group>"; };
		F32E48FF24D71DD80076EC29 /* SearchTableViewCell.h */ = {isa = PBXFileReference; fileEncoding = 4; lastKnownFileType = sourcecode.c.h; path = SearchTableViewCell.h; sourceTree = "<group>"; };
		F32E490624D71E310076EC29 /* MoreTableViewCell.h */ = {isa = PBXFileReference; fileEncoding = 4; lastKnownFileType = sourcecode.c.h; path = MoreTableViewCell.h; sourceTree = "<group>"; };
		F32E490724D71E310076EC29 /* MoreTableViewCell.m */ = {isa = PBXFileReference; fileEncoding = 4; lastKnownFileType = sourcecode.c.objc; path = MoreTableViewCell.m; sourceTree = "<group>"; };
		F32E490824D71E310076EC29 /* MoreTableViewCell.xib */ = {isa = PBXFileReference; fileEncoding = 4; lastKnownFileType = file.xib; path = MoreTableViewCell.xib; sourceTree = "<group>"; };
		F32E490E24D72C650076EC29 /* GetDetailsOperation.h */ = {isa = PBXFileReference; lastKnownFileType = sourcecode.c.h; path = GetDetailsOperation.h; sourceTree = "<group>"; };
		F32E490F24D72C650076EC29 /* GetDetailsOperation.m */ = {isa = PBXFileReference; lastKnownFileType = sourcecode.c.objc; path = GetDetailsOperation.m; sourceTree = "<group>"; };
		F32EE98D24D55BBF0042FFFA /* LoginInteractor.h */ = {isa = PBXFileReference; lastKnownFileType = sourcecode.c.h; path = LoginInteractor.h; sourceTree = "<group>"; };
		F32EE98E24D55BBF0042FFFA /* LoginInteractor.m */ = {isa = PBXFileReference; lastKnownFileType = sourcecode.c.objc; path = LoginInteractor.m; sourceTree = "<group>"; };
		F32EE99024D55BD50042FFFA /* Interactor.h */ = {isa = PBXFileReference; lastKnownFileType = sourcecode.c.h; path = Interactor.h; sourceTree = "<group>"; };
		F32EE99124D55BD50042FFFA /* Interactor.m */ = {isa = PBXFileReference; lastKnownFileType = sourcecode.c.objc; path = Interactor.m; sourceTree = "<group>"; };
		F32EE99424D560180042FFFA /* UserDataModel.h */ = {isa = PBXFileReference; lastKnownFileType = sourcecode.c.h; path = UserDataModel.h; sourceTree = "<group>"; };
		F32EE99524D560180042FFFA /* UserDataModel.m */ = {isa = PBXFileReference; lastKnownFileType = sourcecode.c.objc; path = UserDataModel.m; sourceTree = "<group>"; };
		F32EE99724D56F470042FFFA /* RegistrationViewController.h */ = {isa = PBXFileReference; lastKnownFileType = sourcecode.c.h; path = RegistrationViewController.h; sourceTree = "<group>"; };
		F32EE99824D56F470042FFFA /* RegistrationViewController.m */ = {isa = PBXFileReference; lastKnownFileType = sourcecode.c.objc; path = RegistrationViewController.m; sourceTree = "<group>"; };
		F32EE99924D56F470042FFFA /* RegistrationViewController.xib */ = {isa = PBXFileReference; lastKnownFileType = file.xib; path = RegistrationViewController.xib; sourceTree = "<group>"; };
		F32EE99C24D56F690042FFFA /* RegistrationInteractor.h */ = {isa = PBXFileReference; lastKnownFileType = sourcecode.c.h; path = RegistrationInteractor.h; sourceTree = "<group>"; };
		F32EE99D24D56F690042FFFA /* RegistrationInteractor.m */ = {isa = PBXFileReference; lastKnownFileType = sourcecode.c.objc; path = RegistrationInteractor.m; sourceTree = "<group>"; };
		F32EE9A124D57F310042FFFA /* BackendAPIHelper.h */ = {isa = PBXFileReference; fileEncoding = 4; lastKnownFileType = sourcecode.c.h; path = BackendAPIHelper.h; sourceTree = "<group>"; };
		F32EE9A224D57F320042FFFA /* BackendAPIHelper.m */ = {isa = PBXFileReference; fileEncoding = 4; lastKnownFileType = sourcecode.c.objc; path = BackendAPIHelper.m; sourceTree = "<group>"; };
		F32EE9A424D580400042FFFA /* UserDefaultsHelper.h */ = {isa = PBXFileReference; lastKnownFileType = sourcecode.c.h; path = UserDefaultsHelper.h; sourceTree = "<group>"; };
		F32EE9A524D580400042FFFA /* UserDefaultsHelper.m */ = {isa = PBXFileReference; lastKnownFileType = sourcecode.c.objc; path = UserDefaultsHelper.m; sourceTree = "<group>"; };
		F32EE9AB24D5A2830042FFFA /* UserInfoSession.h */ = {isa = PBXFileReference; lastKnownFileType = sourcecode.c.h; path = UserInfoSession.h; sourceTree = "<group>"; };
		F32EE9AC24D5A2840042FFFA /* UserInfoSession.m */ = {isa = PBXFileReference; lastKnownFileType = sourcecode.c.objc; path = UserInfoSession.m; sourceTree = "<group>"; };
		F32EE9AE24D5A7220042FFFA /* TabCoordinator.h */ = {isa = PBXFileReference; lastKnownFileType = sourcecode.c.h; path = TabCoordinator.h; sourceTree = "<group>"; };
		F32EE9AF24D5A7220042FFFA /* TabCoordinator.m */ = {isa = PBXFileReference; lastKnownFileType = sourcecode.c.objc; path = TabCoordinator.m; sourceTree = "<group>"; };
		F339AA2524D4D27000A6679B /* Assembly.h */ = {isa = PBXFileReference; lastKnownFileType = sourcecode.c.h; path = Assembly.h; sourceTree = "<group>"; };
		F339AA2624D4D27000A6679B /* Assembly.m */ = {isa = PBXFileReference; lastKnownFileType = sourcecode.c.objc; path = Assembly.m; sourceTree = "<group>"; };
		F339AA2824D4D30100A6679B /* RootAssembly.h */ = {isa = PBXFileReference; lastKnownFileType = sourcecode.c.h; path = RootAssembly.h; sourceTree = "<group>"; };
		F339AA2924D4D30100A6679B /* RootAssembly.m */ = {isa = PBXFileReference; lastKnownFileType = sourcecode.c.objc; path = RootAssembly.m; sourceTree = "<group>"; };
		F339AA2C24D4D76100A6679B /* RootCoordinator.h */ = {isa = PBXFileReference; lastKnownFileType = sourcecode.c.h; path = RootCoordinator.h; sourceTree = "<group>"; };
		F339AA2D24D4D76100A6679B /* RootCoordinator.m */ = {isa = PBXFileReference; lastKnownFileType = sourcecode.c.objc; path = RootCoordinator.m; sourceTree = "<group>"; };
		F3559BD824D5EB67001C08EC /* MainTabCoordinator.h */ = {isa = PBXFileReference; lastKnownFileType = sourcecode.c.h; path = MainTabCoordinator.h; sourceTree = "<group>"; };
		F3559BD924D5EB67001C08EC /* MainTabCoordinator.m */ = {isa = PBXFileReference; lastKnownFileType = sourcecode.c.objc; path = MainTabCoordinator.m; sourceTree = "<group>"; };
		F3559BDB24D5EC08001C08EC /* MainAssembly.h */ = {isa = PBXFileReference; lastKnownFileType = sourcecode.c.h; path = MainAssembly.h; sourceTree = "<group>"; };
		F3559BDC24D5EC08001C08EC /* MainAssembly.m */ = {isa = PBXFileReference; lastKnownFileType = sourcecode.c.objc; path = MainAssembly.m; sourceTree = "<group>"; };
		F3559BDE24D5F1B1001C08EC /* NavigationCoordinator.h */ = {isa = PBXFileReference; lastKnownFileType = sourcecode.c.h; path = NavigationCoordinator.h; sourceTree = "<group>"; };
		F3559BDF24D5F1B1001C08EC /* NavigationCoordinator.m */ = {isa = PBXFileReference; lastKnownFileType = sourcecode.c.objc; path = NavigationCoordinator.m; sourceTree = "<group>"; };
		F3559BE124D5F347001C08EC /* SearchCoordinator.h */ = {isa = PBXFileReference; lastKnownFileType = sourcecode.c.h; path = SearchCoordinator.h; sourceTree = "<group>"; };
		F3559BE224D5F347001C08EC /* SearchCoordinator.m */ = {isa = PBXFileReference; lastKnownFileType = sourcecode.c.objc; path = SearchCoordinator.m; sourceTree = "<group>"; };
		F3559BE424D5F37B001C08EC /* MoreCoordinator.h */ = {isa = PBXFileReference; lastKnownFileType = sourcecode.c.h; path = MoreCoordinator.h; sourceTree = "<group>"; };
		F3559BE524D5F37B001C08EC /* MoreCoordinator.m */ = {isa = PBXFileReference; lastKnownFileType = sourcecode.c.objc; path = MoreCoordinator.m; sourceTree = "<group>"; };
		F3559BE724D5F3A5001C08EC /* SearchAssembly.h */ = {isa = PBXFileReference; lastKnownFileType = sourcecode.c.h; path = SearchAssembly.h; sourceTree = "<group>"; };
		F3559BE824D5F3A5001C08EC /* SearchAssembly.m */ = {isa = PBXFileReference; lastKnownFileType = sourcecode.c.objc; path = SearchAssembly.m; sourceTree = "<group>"; };
		F3559BEA24D5F3E3001C08EC /* MoreAssembly.h */ = {isa = PBXFileReference; lastKnownFileType = sourcecode.c.h; path = MoreAssembly.h; sourceTree = "<group>"; };
		F3559BEB24D5F3E3001C08EC /* MoreAssembly.m */ = {isa = PBXFileReference; lastKnownFileType = sourcecode.c.objc; path = MoreAssembly.m; sourceTree = "<group>"; };
		F3559BED24D6C250001C08EC /* SearchInteractor.h */ = {isa = PBXFileReference; lastKnownFileType = sourcecode.c.h; path = SearchInteractor.h; sourceTree = "<group>"; };
		F3559BEE24D6C250001C08EC /* SearchInteractor.m */ = {isa = PBXFileReference; lastKnownFileType = sourcecode.c.objc; path = SearchInteractor.m; sourceTree = "<group>"; };
		F3559BF324D6D964001C08EC /* UserDetailsInfo.h */ = {isa = PBXFileReference; lastKnownFileType = sourcecode.c.h; path = UserDetailsInfo.h; sourceTree = "<group>"; };
		F3559BF424D6D964001C08EC /* UserDetailsInfo.m */ = {isa = PBXFileReference; lastKnownFileType = sourcecode.c.objc; path = UserDetailsInfo.m; sourceTree = "<group>"; };
		F3559BFC24D6F299001C08EC /* AsyncOperation.h */ = {isa = PBXFileReference; fileEncoding = 4; lastKnownFileType = sourcecode.c.h; path = AsyncOperation.h; sourceTree = "<group>"; };
		F3559BFF24D6F299001C08EC /* BaseBackendOperations.m */ = {isa = PBXFileReference; fileEncoding = 4; lastKnownFileType = sourcecode.c.objc; path = BaseBackendOperations.m; sourceTree = "<group>"; };
		F3559C0224D6F299001C08EC /* BaseBackendOperations.h */ = {isa = PBXFileReference; fileEncoding = 4; lastKnownFileType = sourcecode.c.h; path = BaseBackendOperations.h; sourceTree = "<group>"; };
		F3559C0324D6F299001C08EC /* AsyncOperation.m */ = {isa = PBXFileReference; fileEncoding = 4; lastKnownFileType = sourcecode.c.objc; path = AsyncOperation.m; sourceTree = "<group>"; };
		F3559C0B24D6F560001C08EC /* UserLocation.h */ = {isa = PBXFileReference; lastKnownFileType = sourcecode.c.h; path = UserLocation.h; sourceTree = "<group>"; };
		F3559C0C24D6F560001C08EC /* UserLocation.m */ = {isa = PBXFileReference; lastKnownFileType = sourcecode.c.objc; path = UserLocation.m; sourceTree = "<group>"; };
		F3559C0E24D70BCD001C08EC /* AfterLoginGetInfoOperation.h */ = {isa = PBXFileReference; lastKnownFileType = sourcecode.c.h; path = AfterLoginGetInfoOperation.h; sourceTree = "<group>"; };
		F3559C0F24D70BCD001C08EC /* AfterLoginGetInfoOperation.m */ = {isa = PBXFileReference; lastKnownFileType = sourcecode.c.objc; path = AfterLoginGetInfoOperation.m; sourceTree = "<group>"; };
		F3559C1124D70C2B001C08EC /* PostLocationOperation.h */ = {isa = PBXFileReference; lastKnownFileType = sourcecode.c.h; path = PostLocationOperation.h; sourceTree = "<group>"; };
		F3559C1224D70C2B001C08EC /* PostLocationOperation.m */ = {isa = PBXFileReference; lastKnownFileType = sourcecode.c.objc; path = PostLocationOperation.m; sourceTree = "<group>"; };
		F3559C1424D70C52001C08EC /* GetNearestUsersLocation.h */ = {isa = PBXFileReference; lastKnownFileType = sourcecode.c.h; path = GetNearestUsersLocation.h; sourceTree = "<group>"; };
		F3559C1524D70C52001C08EC /* GetNearestUsersLocation.m */ = {isa = PBXFileReference; lastKnownFileType = sourcecode.c.objc; path = GetNearestUsersLocation.m; sourceTree = "<group>"; };
		F3559C1724D70C78001C08EC /* NearestUserData.h */ = {isa = PBXFileReference; lastKnownFileType = sourcecode.c.h; path = NearestUserData.h; sourceTree = "<group>"; };
		F3559C1824D70C78001C08EC /* NearestUserData.m */ = {isa = PBXFileReference; lastKnownFileType = sourcecode.c.objc; path = NearestUserData.m; sourceTree = "<group>"; };
		F3C526BE24D498E0007DCAED /* Drinder.app */ = {isa = PBXFileReference; explicitFileType = wrapper.application; includeInIndex = 0; path = Drinder.app; sourceTree = BUILT_PRODUCTS_DIR; };
		F3C526C124D498E0007DCAED /* AppDelegate.h */ = {isa = PBXFileReference; lastKnownFileType = sourcecode.c.h; path = AppDelegate.h; sourceTree = "<group>"; };
		F3C526C224D498E0007DCAED /* AppDelegate.m */ = {isa = PBXFileReference; lastKnownFileType = sourcecode.c.objc; path = AppDelegate.m; sourceTree = "<group>"; };
		F3C526CD24D498E5007DCAED /* Assets.xcassets */ = {isa = PBXFileReference; lastKnownFileType = folder.assetcatalog; path = Assets.xcassets; sourceTree = "<group>"; };
		F3C526D024D498E6007DCAED /* Base */ = {isa = PBXFileReference; lastKnownFileType = file.storyboard; name = Base; path = Base.lproj/LaunchScreen.storyboard; sourceTree = "<group>"; };
		F3C526D224D498E6007DCAED /* Info.plist */ = {isa = PBXFileReference; lastKnownFileType = text.plist.xml; path = Info.plist; sourceTree = "<group>"; };
		F3C526D324D498E6007DCAED /* main.m */ = {isa = PBXFileReference; lastKnownFileType = sourcecode.c.objc; path = main.m; sourceTree = "<group>"; };
		F3C526DD24D4BF11007DCAED /* ViewController.h */ = {isa = PBXFileReference; lastKnownFileType = sourcecode.c.h; path = ViewController.h; sourceTree = "<group>"; };
		F3C526DE24D4BF11007DCAED /* ViewController.m */ = {isa = PBXFileReference; lastKnownFileType = sourcecode.c.objc; path = ViewController.m; sourceTree = "<group>"; };
		F3C526E024D4BFBB007DCAED /* LoginViewController.h */ = {isa = PBXFileReference; lastKnownFileType = sourcecode.c.h; path = LoginViewController.h; sourceTree = "<group>"; };
		F3C526E124D4BFBB007DCAED /* LoginViewController.m */ = {isa = PBXFileReference; lastKnownFileType = sourcecode.c.objc; path = LoginViewController.m; sourceTree = "<group>"; };
		F3C526E224D4BFBB007DCAED /* LoginViewController.xib */ = {isa = PBXFileReference; lastKnownFileType = file.xib; path = LoginViewController.xib; sourceTree = "<group>"; };
		F3C526E524D4C3F3007DCAED /* Coordinator.h */ = {isa = PBXFileReference; lastKnownFileType = sourcecode.c.h; path = Coordinator.h; sourceTree = "<group>"; };
		F3C526E624D4C3F3007DCAED /* Coordinator.m */ = {isa = PBXFileReference; lastKnownFileType = sourcecode.c.objc; path = Coordinator.m; sourceTree = "<group>"; };
		F3C526EC24D4C6E2007DCAED /* ModalCoordinator.h */ = {isa = PBXFileReference; lastKnownFileType = sourcecode.c.h; path = ModalCoordinator.h; sourceTree = "<group>"; };
		F3C526ED24D4C6E2007DCAED /* ModalCoordinator.m */ = {isa = PBXFileReference; lastKnownFileType = sourcecode.c.objc; path = ModalCoordinator.m; sourceTree = "<group>"; };
/* End PBXFileReference section */

/* Begin PBXFrameworksBuildPhase section */
		F3C526BB24D498E0007DCAED /* Frameworks */ = {
			isa = PBXFrameworksBuildPhase;
			buildActionMask = 2147483647;
			files = (
				EF84320EAB7CB451CAEEE201 /* Pods_Drinder_ios.framework in Frameworks */,
			);
			runOnlyForDeploymentPostprocessing = 0;
		};
/* End PBXFrameworksBuildPhase section */

/* Begin PBXGroup section */
		1A33D552B0B259BB08A1835D /* Pods */ = {
			isa = PBXGroup;
			children = (
				54B1D232856F8C75C602695E /* Pods-Drinder-ios.debug.xcconfig */,
				CDB13A0031578100D46B8D6F /* Pods-Drinder-ios.release.xcconfig */,
			);
			path = Pods;
			sourceTree = "<group>";
		};
		42690C098C2B6986AB8B2563 /* Frameworks */ = {
			isa = PBXGroup;
			children = (
				7C210F970F6FF0B3C187140C /* Pods_Drinder_ios.framework */,
			);
			name = Frameworks;
			sourceTree = "<group>";
		};
		9B78E4D724D5B9CC00141277 /* More */ = {
			isa = PBXGroup;
			children = (
				F32E490524D71E310076EC29 /* Cells */,
				9B78E4DC24D5B9CC00141277 /* MoreViewController.xib */,
				9B78E4DE24D5B9CC00141277 /* MoreViewController.h */,
				9B78E4DD24D5B9CC00141277 /* MoreViewController.m */,
			);
			path = More;
			sourceTree = "<group>";
		};
		9B78E4E424D6004500141277 /* Search */ = {
			isa = PBXGroup;
			children = (
				F32E48FA24D71DD80076EC29 /* Cells */,
				9B78E4E524D600B500141277 /* SearchViewController.h */,
				9B78E4E624D600B500141277 /* SearchViewController.m */,
				9B78E4E724D600B500141277 /* SearchViewController.xib */,
			);
			path = Search;
			sourceTree = "<group>";
		};
		9B78E4F224D75CAC00141277 /* Detail */ = {
			isa = PBXGroup;
			children = (
				9B78E4F324D75CED00141277 /* DetailViewController.h */,
				9B78E4F424D75CED00141277 /* DetailViewController.m */,
				9B78E4F524D75CED00141277 /* DetailViewController.xib */,
			);
			path = Detail;
			sourceTree = "<group>";
		};
		F32E48FA24D71DD80076EC29 /* Cells */ = {
			isa = PBXGroup;
			children = (
				F32E48FC24D71DD80076EC29 /* SearchTableViewCell.xib */,
				F32E48FD24D71DD80076EC29 /* SearchTableViewCell.m */,
				F32E48FF24D71DD80076EC29 /* SearchTableViewCell.h */,
			);
			path = Cells;
			sourceTree = "<group>";
		};
		F32E490524D71E310076EC29 /* Cells */ = {
			isa = PBXGroup;
			children = (
				F32E490624D71E310076EC29 /* MoreTableViewCell.h */,
				F32E490724D71E310076EC29 /* MoreTableViewCell.m */,
				F32E490824D71E310076EC29 /* MoreTableViewCell.xib */,
			);
			path = Cells;
			sourceTree = "<group>";
		};
		F32EE98C24D55B9F0042FFFA /* Interactor */ = {
			isa = PBXGroup;
			children = (
				F32EE98D24D55BBF0042FFFA /* LoginInteractor.h */,
				F32EE98E24D55BBF0042FFFA /* LoginInteractor.m */,
				F32EE99024D55BD50042FFFA /* Interactor.h */,
				F32EE99124D55BD50042FFFA /* Interactor.m */,
				F32EE99C24D56F690042FFFA /* RegistrationInteractor.h */,
				F32EE99D24D56F690042FFFA /* RegistrationInteractor.m */,
				F3559BED24D6C250001C08EC /* SearchInteractor.h */,
				F3559BEE24D6C250001C08EC /* SearchInteractor.m */,
			);
			path = Interactor;
			sourceTree = "<group>";
		};
		F32EE99324D560010042FFFA /* DataModel */ = {
			isa = PBXGroup;
			children = (
				F32EE99424D560180042FFFA /* UserDataModel.h */,
				F32EE99524D560180042FFFA /* UserDataModel.m */,
				F3559BF324D6D964001C08EC /* UserDetailsInfo.h */,
				F3559BF424D6D964001C08EC /* UserDetailsInfo.m */,
				F3559C0B24D6F560001C08EC /* UserLocation.h */,
				F3559C0C24D6F560001C08EC /* UserLocation.m */,
				F3559C1724D70C78001C08EC /* NearestUserData.h */,
				F3559C1824D70C78001C08EC /* NearestUserData.m */,
			);
			path = DataModel;
			sourceTree = "<group>";
		};
		F32EE99F24D571020042FFFA /* Base */ = {
			isa = PBXGroup;
			children = (
				F339AA2524D4D27000A6679B /* Assembly.h */,
				F339AA2624D4D27000A6679B /* Assembly.m */,
			);
			path = Base;
			sourceTree = "<group>";
		};
		F32EE9A024D57EF70042FFFA /* Helpers */ = {
			isa = PBXGroup;
			children = (
				F32EE9A124D57F310042FFFA /* BackendAPIHelper.h */,
				F32EE9A224D57F320042FFFA /* BackendAPIHelper.m */,
				F32EE9A424D580400042FFFA /* UserDefaultsHelper.h */,
				F32EE9A524D580400042FFFA /* UserDefaultsHelper.m */,
				9B78E4D424D5B62000141277 /* KeyboardHeightObserver.h */,
				9B78E4D524D5B62100141277 /* KeyboardHeightObserver.m */,
			);
			path = Helpers;
			sourceTree = "<group>";
		};
		F32EE9AA24D5A2640042FFFA /* DataSession */ = {
			isa = PBXGroup;
			children = (
				F32EE9AB24D5A2830042FFFA /* UserInfoSession.h */,
				F32EE9AC24D5A2840042FFFA /* UserInfoSession.m */,
			);
			path = DataSession;
			sourceTree = "<group>";
		};
		F339AA2424D4D25300A6679B /* Assembly */ = {
			isa = PBXGroup;
			children = (
				F32EE99F24D571020042FFFA /* Base */,
				F339AA2824D4D30100A6679B /* RootAssembly.h */,
				F339AA2924D4D30100A6679B /* RootAssembly.m */,
				F3559BDB24D5EC08001C08EC /* MainAssembly.h */,
				F3559BDC24D5EC08001C08EC /* MainAssembly.m */,
				F3559BE724D5F3A5001C08EC /* SearchAssembly.h */,
				F3559BE824D5F3A5001C08EC /* SearchAssembly.m */,
				F3559BEA24D5F3E3001C08EC /* MoreAssembly.h */,
				F3559BEB24D5F3E3001C08EC /* MoreAssembly.m */,
			);
			path = Assembly;
			sourceTree = "<group>";
		};
		F339AA2B24D4D72B00A6679B /* Base */ = {
			isa = PBXGroup;
			children = (
				F3C526E524D4C3F3007DCAED /* Coordinator.h */,
				F3C526E624D4C3F3007DCAED /* Coordinator.m */,
				F3C526EC24D4C6E2007DCAED /* ModalCoordinator.h */,
				F3C526ED24D4C6E2007DCAED /* ModalCoordinator.m */,
				F32EE9AE24D5A7220042FFFA /* TabCoordinator.h */,
				F32EE9AF24D5A7220042FFFA /* TabCoordinator.m */,
				F3559BDE24D5F1B1001C08EC /* NavigationCoordinator.h */,
				F3559BDF24D5F1B1001C08EC /* NavigationCoordinator.m */,
			);
			path = Base;
			sourceTree = "<group>";
		};
		F3559BF624D6F299001C08EC /* Operations */ = {
			isa = PBXGroup;
			children = (
				F3559BFE24D6F299001C08EC /* BackendOperations */,
				F3559BFC24D6F299001C08EC /* AsyncOperation.h */,
				F3559C0324D6F299001C08EC /* AsyncOperation.m */,
				F3559C0E24D70BCD001C08EC /* AfterLoginGetInfoOperation.h */,
				F3559C0F24D70BCD001C08EC /* AfterLoginGetInfoOperation.m */,
			);
			path = Operations;
			sourceTree = "<group>";
		};
		F3559BFE24D6F299001C08EC /* BackendOperations */ = {
			isa = PBXGroup;
			children = (
				F3559BFF24D6F299001C08EC /* BaseBackendOperations.m */,
				F3559C0224D6F299001C08EC /* BaseBackendOperations.h */,
				F3559C1124D70C2B001C08EC /* PostLocationOperation.h */,
				F3559C1224D70C2B001C08EC /* PostLocationOperation.m */,
				F3559C1424D70C52001C08EC /* GetNearestUsersLocation.h */,
				F3559C1524D70C52001C08EC /* GetNearestUsersLocation.m */,
				F32E490E24D72C650076EC29 /* GetDetailsOperation.h */,
				F32E490F24D72C650076EC29 /* GetDetailsOperation.m */,
			);
			path = BackendOperations;
			sourceTree = "<group>";
		};
		F3C526B524D498E0007DCAED = {
			isa = PBXGroup;
			children = (
				F3C526C024D498E0007DCAED /* Drinder-ios */,
				F3C526BF24D498E0007DCAED /* Products */,
				1A33D552B0B259BB08A1835D /* Pods */,
				42690C098C2B6986AB8B2563 /* Frameworks */,
			);
			sourceTree = "<group>";
		};
		F3C526BF24D498E0007DCAED /* Products */ = {
			isa = PBXGroup;
			children = (
				F3C526BE24D498E0007DCAED /* Drinder.app */,
			);
			name = Products;
			sourceTree = "<group>";
		};
		F3C526C024D498E0007DCAED /* Drinder-ios */ = {
			isa = PBXGroup;
			children = (
				F3559BF624D6F299001C08EC /* Operations */,
				F32EE9AA24D5A2640042FFFA /* DataSession */,
				F32EE9A024D57EF70042FFFA /* Helpers */,
				F32EE99324D560010042FFFA /* DataModel */,
				F32EE98C24D55B9F0042FFFA /* Interactor */,
				F339AA2424D4D25300A6679B /* Assembly */,
				F3C526E824D4C663007DCAED /* Coordinator */,
				F3C526DA24D4BCE3007DCAED /* UI */,
				F3C526C124D498E0007DCAED /* AppDelegate.h */,
				F3C526C224D498E0007DCAED /* AppDelegate.m */,
				F3C526CD24D498E5007DCAED /* Assets.xcassets */,
				F3C526CF24D498E6007DCAED /* LaunchScreen.storyboard */,
				F3C526D224D498E6007DCAED /* Info.plist */,
				F3C526D324D498E6007DCAED /* main.m */,
			);
			path = "Drinder-ios";
			sourceTree = "<group>";
		};
		F3C526DA24D4BCE3007DCAED /* UI */ = {
			isa = PBXGroup;
			children = (
				9B78E4F224D75CAC00141277 /* Detail */,
				9B78E4E424D6004500141277 /* Search */,
				9B78E4D724D5B9CC00141277 /* More */,
				F3C526DC24D4BE75007DCAED /* Registration */,
				F3C526DB24D4BE6C007DCAED /* Login */,
				F3C526DD24D4BF11007DCAED /* ViewController.h */,
				F3C526DE24D4BF11007DCAED /* ViewController.m */,
			);
			path = UI;
			sourceTree = "<group>";
		};
		F3C526DB24D4BE6C007DCAED /* Login */ = {
			isa = PBXGroup;
			children = (
				F3C526E024D4BFBB007DCAED /* LoginViewController.h */,
				F3C526E124D4BFBB007DCAED /* LoginViewController.m */,
				F3C526E224D4BFBB007DCAED /* LoginViewController.xib */,
			);
			path = Login;
			sourceTree = "<group>";
		};
		F3C526DC24D4BE75007DCAED /* Registration */ = {
			isa = PBXGroup;
			children = (
				F32EE99724D56F470042FFFA /* RegistrationViewController.h */,
				F32EE99824D56F470042FFFA /* RegistrationViewController.m */,
				F32EE99924D56F470042FFFA /* RegistrationViewController.xib */,
			);
			path = Registration;
			sourceTree = "<group>";
		};
		F3C526E824D4C663007DCAED /* Coordinator */ = {
			isa = PBXGroup;
			children = (
				F339AA2B24D4D72B00A6679B /* Base */,
				F339AA2C24D4D76100A6679B /* RootCoordinator.h */,
				F339AA2D24D4D76100A6679B /* RootCoordinator.m */,
				F3559BD824D5EB67001C08EC /* MainTabCoordinator.h */,
				F3559BD924D5EB67001C08EC /* MainTabCoordinator.m */,
				F3559BE124D5F347001C08EC /* SearchCoordinator.h */,
				F3559BE224D5F347001C08EC /* SearchCoordinator.m */,
				F3559BE424D5F37B001C08EC /* MoreCoordinator.h */,
				F3559BE524D5F37B001C08EC /* MoreCoordinator.m */,
			);
			path = Coordinator;
			sourceTree = "<group>";
		};
/* End PBXGroup section */

/* Begin PBXNativeTarget section */
		F3C526BD24D498E0007DCAED /* Drinder-ios */ = {
			isa = PBXNativeTarget;
			buildConfigurationList = F3C526D724D498E6007DCAED /* Build configuration list for PBXNativeTarget "Drinder-ios" */;
			buildPhases = (
				D353B5C444CBFED33BDDF1D2 /* [CP] Check Pods Manifest.lock */,
				F3C526BA24D498E0007DCAED /* Sources */,
				F3C526BB24D498E0007DCAED /* Frameworks */,
				F3C526BC24D498E0007DCAED /* Resources */,
			);
			buildRules = (
			);
			dependencies = (
			);
			name = "Drinder-ios";
			productName = "Drinder-ios";
			productReference = F3C526BE24D498E0007DCAED /* Drinder.app */;
			productType = "com.apple.product-type.application";
		};
/* End PBXNativeTarget section */

/* Begin PBXProject section */
		F3C526B624D498E0007DCAED /* Project object */ = {
			isa = PBXProject;
			attributes = {
				LastUpgradeCheck = 1160;
				ORGANIZATIONNAME = "Pavel N";
				TargetAttributes = {
					F3C526BD24D498E0007DCAED = {
						CreatedOnToolsVersion = 11.6;
					};
				};
			};
			buildConfigurationList = F3C526B924D498E0007DCAED /* Build configuration list for PBXProject "Drinder-ios" */;
			compatibilityVersion = "Xcode 9.3";
			developmentRegion = en;
			hasScannedForEncodings = 0;
			knownRegions = (
				en,
				Base,
			);
			mainGroup = F3C526B524D498E0007DCAED;
			productRefGroup = F3C526BF24D498E0007DCAED /* Products */;
			projectDirPath = "";
			projectRoot = "";
			targets = (
				F3C526BD24D498E0007DCAED /* Drinder-ios */,
			);
		};
/* End PBXProject section */

/* Begin PBXResourcesBuildPhase section */
		F3C526BC24D498E0007DCAED /* Resources */ = {
			isa = PBXResourcesBuildPhase;
			buildActionMask = 2147483647;
			files = (
				F3C526D124D498E6007DCAED /* LaunchScreen.storyboard in Resources */,
				F32E490124D71DD80076EC29 /* SearchTableViewCell.xib in Resources */,
				9B78E4E124D5B9CC00141277 /* MoreViewController.xib in Resources */,
				F32EE99B24D56F470042FFFA /* RegistrationViewController.xib in Resources */,
				9B78E4F724D75CED00141277 /* DetailViewController.xib in Resources */,
				F32E490A24D71E310076EC29 /* MoreTableViewCell.xib in Resources */,
				F3C526CE24D498E5007DCAED /* Assets.xcassets in Resources */,
				F3C526E424D4BFBB007DCAED /* LoginViewController.xib in Resources */,
				9B78E4E924D600B500141277 /* SearchViewController.xib in Resources */,
			);
			runOnlyForDeploymentPostprocessing = 0;
		};
/* End PBXResourcesBuildPhase section */

/* Begin PBXShellScriptBuildPhase section */
		D353B5C444CBFED33BDDF1D2 /* [CP] Check Pods Manifest.lock */ = {
			isa = PBXShellScriptBuildPhase;
			buildActionMask = 2147483647;
			files = (
			);
			inputFileListPaths = (
			);
			inputPaths = (
				"${PODS_PODFILE_DIR_PATH}/Podfile.lock",
				"${PODS_ROOT}/Manifest.lock",
			);
			name = "[CP] Check Pods Manifest.lock";
			outputFileListPaths = (
			);
			outputPaths = (
				"$(DERIVED_FILE_DIR)/Pods-Drinder-ios-checkManifestLockResult.txt",
			);
			runOnlyForDeploymentPostprocessing = 0;
			shellPath = /bin/sh;
			shellScript = "diff \"${PODS_PODFILE_DIR_PATH}/Podfile.lock\" \"${PODS_ROOT}/Manifest.lock\" > /dev/null\nif [ $? != 0 ] ; then\n    # print error to STDERR\n    echo \"error: The sandbox is not in sync with the Podfile.lock. Run 'pod install' or update your CocoaPods installation.\" >&2\n    exit 1\nfi\n# This output is used by Xcode 'outputs' to avoid re-running this script phase.\necho \"SUCCESS\" > \"${SCRIPT_OUTPUT_FILE_0}\"\n";
			showEnvVarsInLog = 0;
		};
/* End PBXShellScriptBuildPhase section */

/* Begin PBXSourcesBuildPhase section */
		F3C526BA24D498E0007DCAED /* Sources */ = {
			isa = PBXSourcesBuildPhase;
			buildActionMask = 2147483647;
			files = (
				F3C526EE24D4C6E2007DCAED /* ModalCoordinator.m in Sources */,
				F3559BDA24D5EB67001C08EC /* MainTabCoordinator.m in Sources */,
				F3559C0D24D6F560001C08EC /* UserLocation.m in Sources */,
				F3559C1024D70BCD001C08EC /* AfterLoginGetInfoOperation.m in Sources */,
				F3559BDD24D5EC08001C08EC /* MainAssembly.m in Sources */,
				F3C526E324D4BFBB007DCAED /* LoginViewController.m in Sources */,
				9B78E4E824D600B500141277 /* SearchViewController.m in Sources */,
				F32EE98F24D55BBF0042FFFA /* LoginInteractor.m in Sources */,
				9B78E4D624D5B62100141277 /* KeyboardHeightObserver.m in Sources */,
				F32E490224D71DD80076EC29 /* SearchTableViewCell.m in Sources */,
				F3C526DF24D4BF11007DCAED /* ViewController.m in Sources */,
				F32EE99624D560180042FFFA /* UserDataModel.m in Sources */,
				F3559C1924D70C78001C08EC /* NearestUserData.m in Sources */,
				F3559C0924D6F299001C08EC /* AsyncOperation.m in Sources */,
				F32EE99224D55BD50042FFFA /* Interactor.m in Sources */,
				F3559C1624D70C52001C08EC /* GetNearestUsersLocation.m in Sources */,
				F32EE9AD24D5A2840042FFFA /* UserInfoSession.m in Sources */,
				F3559BEF24D6C250001C08EC /* SearchInteractor.m in Sources */,
				F32EE9A624D580400042FFFA /* UserDefaultsHelper.m in Sources */,
				9B78E4F624D75CED00141277 /* DetailViewController.m in Sources */,
				F3559BE924D5F3A5001C08EC /* SearchAssembly.m in Sources */,
				F339AA2A24D4D30100A6679B /* RootAssembly.m in Sources */,
				F339AA2724D4D27000A6679B /* Assembly.m in Sources */,
				F3C526C324D498E0007DCAED /* AppDelegate.m in Sources */,
				F3559BE024D5F1B1001C08EC /* NavigationCoordinator.m in Sources */,
				F32EE99E24D56F690042FFFA /* RegistrationInteractor.m in Sources */,
				F32EE9A324D57F320042FFFA /* BackendAPIHelper.m in Sources */,
				F3C526E724D4C3F3007DCAED /* Coordinator.m in Sources */,
				F3559C1324D70C2B001C08EC /* PostLocationOperation.m in Sources */,
				F32EE9B024D5A7220042FFFA /* TabCoordinator.m in Sources */,
				F3C526D424D498E6007DCAED /* main.m in Sources */,
				F3559C0724D6F299001C08EC /* BaseBackendOperations.m in Sources */,
				F3559BE624D5F37B001C08EC /* MoreCoordinator.m in Sources */,
				F3559BE324D5F347001C08EC /* SearchCoordinator.m in Sources */,
				F3559BEC24D5F3E3001C08EC /* MoreAssembly.m in Sources */,
				F32E490924D71E310076EC29 /* MoreTableViewCell.m in Sources */,
				F32EE99A24D56F470042FFFA /* RegistrationViewController.m in Sources */,
				9B78E4E224D5B9CC00141277 /* MoreViewController.m in Sources */,
				F3559BF524D6D964001C08EC /* UserDetailsInfo.m in Sources */,
				F339AA2E24D4D76100A6679B /* RootCoordinator.m in Sources */,
				F32E491024D72C650076EC29 /* GetDetailsOperation.m in Sources */,
			);
			runOnlyForDeploymentPostprocessing = 0;
		};
/* End PBXSourcesBuildPhase section */

/* Begin PBXVariantGroup section */
		F3C526CF24D498E6007DCAED /* LaunchScreen.storyboard */ = {
			isa = PBXVariantGroup;
			children = (
				F3C526D024D498E6007DCAED /* Base */,
			);
			name = LaunchScreen.storyboard;
			sourceTree = "<group>";
		};
/* End PBXVariantGroup section */

/* Begin XCBuildConfiguration section */
		F3C526D524D498E6007DCAED /* Debug */ = {
			isa = XCBuildConfiguration;
			buildSettings = {
				ALWAYS_SEARCH_USER_PATHS = NO;
				CLANG_ANALYZER_NONNULL = YES;
				CLANG_ANALYZER_NUMBER_OBJECT_CONVERSION = YES_AGGRESSIVE;
				CLANG_CXX_LANGUAGE_STANDARD = "gnu++14";
				CLANG_CXX_LIBRARY = "libc++";
				CLANG_ENABLE_MODULES = YES;
				CLANG_ENABLE_OBJC_ARC = YES;
				CLANG_ENABLE_OBJC_WEAK = YES;
				CLANG_WARN_BLOCK_CAPTURE_AUTORELEASING = YES;
				CLANG_WARN_BOOL_CONVERSION = YES;
				CLANG_WARN_COMMA = YES;
				CLANG_WARN_CONSTANT_CONVERSION = YES;
				CLANG_WARN_DEPRECATED_OBJC_IMPLEMENTATIONS = YES;
				CLANG_WARN_DIRECT_OBJC_ISA_USAGE = YES_ERROR;
				CLANG_WARN_DOCUMENTATION_COMMENTS = YES;
				CLANG_WARN_EMPTY_BODY = YES;
				CLANG_WARN_ENUM_CONVERSION = YES;
				CLANG_WARN_INFINITE_RECURSION = YES;
				CLANG_WARN_INT_CONVERSION = YES;
				CLANG_WARN_NON_LITERAL_NULL_CONVERSION = YES;
				CLANG_WARN_OBJC_IMPLICIT_RETAIN_SELF = YES;
				CLANG_WARN_OBJC_LITERAL_CONVERSION = YES;
				CLANG_WARN_OBJC_ROOT_CLASS = YES_ERROR;
				CLANG_WARN_RANGE_LOOP_ANALYSIS = YES;
				CLANG_WARN_STRICT_PROTOTYPES = YES;
				CLANG_WARN_SUSPICIOUS_MOVE = YES;
				CLANG_WARN_UNGUARDED_AVAILABILITY = YES_AGGRESSIVE;
				CLANG_WARN_UNREACHABLE_CODE = YES;
				CLANG_WARN__DUPLICATE_METHOD_MATCH = YES;
				COPY_PHASE_STRIP = NO;
				DEBUG_INFORMATION_FORMAT = dwarf;
				ENABLE_STRICT_OBJC_MSGSEND = YES;
				ENABLE_TESTABILITY = YES;
				GCC_C_LANGUAGE_STANDARD = gnu11;
				GCC_DYNAMIC_NO_PIC = NO;
				GCC_NO_COMMON_BLOCKS = YES;
				GCC_OPTIMIZATION_LEVEL = 0;
				GCC_PREPROCESSOR_DEFINITIONS = (
					"DEBUG=1",
					"$(inherited)",
				);
				GCC_WARN_64_TO_32_BIT_CONVERSION = YES;
				GCC_WARN_ABOUT_RETURN_TYPE = YES_ERROR;
				GCC_WARN_UNDECLARED_SELECTOR = YES;
				GCC_WARN_UNINITIALIZED_AUTOS = YES_AGGRESSIVE;
				GCC_WARN_UNUSED_FUNCTION = YES;
				GCC_WARN_UNUSED_VARIABLE = YES;
				IPHONEOS_DEPLOYMENT_TARGET = 11.0;
				MTL_ENABLE_DEBUG_INFO = INCLUDE_SOURCE;
				MTL_FAST_MATH = YES;
				ONLY_ACTIVE_ARCH = YES;
				SDKROOT = iphoneos;
			};
			name = Debug;
		};
		F3C526D624D498E6007DCAED /* Release */ = {
			isa = XCBuildConfiguration;
			buildSettings = {
				ALWAYS_SEARCH_USER_PATHS = NO;
				CLANG_ANALYZER_NONNULL = YES;
				CLANG_ANALYZER_NUMBER_OBJECT_CONVERSION = YES_AGGRESSIVE;
				CLANG_CXX_LANGUAGE_STANDARD = "gnu++14";
				CLANG_CXX_LIBRARY = "libc++";
				CLANG_ENABLE_MODULES = YES;
				CLANG_ENABLE_OBJC_ARC = YES;
				CLANG_ENABLE_OBJC_WEAK = YES;
				CLANG_WARN_BLOCK_CAPTURE_AUTORELEASING = YES;
				CLANG_WARN_BOOL_CONVERSION = YES;
				CLANG_WARN_COMMA = YES;
				CLANG_WARN_CONSTANT_CONVERSION = YES;
				CLANG_WARN_DEPRECATED_OBJC_IMPLEMENTATIONS = YES;
				CLANG_WARN_DIRECT_OBJC_ISA_USAGE = YES_ERROR;
				CLANG_WARN_DOCUMENTATION_COMMENTS = YES;
				CLANG_WARN_EMPTY_BODY = YES;
				CLANG_WARN_ENUM_CONVERSION = YES;
				CLANG_WARN_INFINITE_RECURSION = YES;
				CLANG_WARN_INT_CONVERSION = YES;
				CLANG_WARN_NON_LITERAL_NULL_CONVERSION = YES;
				CLANG_WARN_OBJC_IMPLICIT_RETAIN_SELF = YES;
				CLANG_WARN_OBJC_LITERAL_CONVERSION = YES;
				CLANG_WARN_OBJC_ROOT_CLASS = YES_ERROR;
				CLANG_WARN_RANGE_LOOP_ANALYSIS = YES;
				CLANG_WARN_STRICT_PROTOTYPES = YES;
				CLANG_WARN_SUSPICIOUS_MOVE = YES;
				CLANG_WARN_UNGUARDED_AVAILABILITY = YES_AGGRESSIVE;
				CLANG_WARN_UNREACHABLE_CODE = YES;
				CLANG_WARN__DUPLICATE_METHOD_MATCH = YES;
				COPY_PHASE_STRIP = NO;
				DEBUG_INFORMATION_FORMAT = "dwarf-with-dsym";
				ENABLE_NS_ASSERTIONS = NO;
				ENABLE_STRICT_OBJC_MSGSEND = YES;
				GCC_C_LANGUAGE_STANDARD = gnu11;
				GCC_NO_COMMON_BLOCKS = YES;
				GCC_WARN_64_TO_32_BIT_CONVERSION = YES;
				GCC_WARN_ABOUT_RETURN_TYPE = YES_ERROR;
				GCC_WARN_UNDECLARED_SELECTOR = YES;
				GCC_WARN_UNINITIALIZED_AUTOS = YES_AGGRESSIVE;
				GCC_WARN_UNUSED_FUNCTION = YES;
				GCC_WARN_UNUSED_VARIABLE = YES;
				IPHONEOS_DEPLOYMENT_TARGET = 11.0;
				MTL_ENABLE_DEBUG_INFO = NO;
				MTL_FAST_MATH = YES;
				SDKROOT = iphoneos;
				VALIDATE_PRODUCT = YES;
			};
			name = Release;
		};
		F3C526D824D498E6007DCAED /* Debug */ = {
			isa = XCBuildConfiguration;
			baseConfigurationReference = 54B1D232856F8C75C602695E /* Pods-Drinder-ios.debug.xcconfig */;
			buildSettings = {
				ASSETCATALOG_COMPILER_APPICON_NAME = AppIcon;
				CODE_SIGN_STYLE = Automatic;
				DEVELOPMENT_TEAM = 8C82H4XZR6;
				INFOPLIST_FILE = "Drinder-ios/Info.plist";
				IPHONEOS_DEPLOYMENT_TARGET = 11.0;
				LD_RUNPATH_SEARCH_PATHS = (
					"$(inherited)",
					"@executable_path/Frameworks",
				);
				PRODUCT_BUNDLE_IDENTIFIER = P.Drinder;
				PRODUCT_NAME = Drinder;
				TARGETED_DEVICE_FAMILY = "1,2";
			};
			name = Debug;
		};
		F3C526D924D498E6007DCAED /* Release */ = {
			isa = XCBuildConfiguration;
			baseConfigurationReference = CDB13A0031578100D46B8D6F /* Pods-Drinder-ios.release.xcconfig */;
			buildSettings = {
				ASSETCATALOG_COMPILER_APPICON_NAME = AppIcon;
				CODE_SIGN_STYLE = Automatic;
				DEVELOPMENT_TEAM = 8C82H4XZR6;
				INFOPLIST_FILE = "Drinder-ios/Info.plist";
				IPHONEOS_DEPLOYMENT_TARGET = 11.0;
				LD_RUNPATH_SEARCH_PATHS = (
					"$(inherited)",
					"@executable_path/Frameworks",
				);
				PRODUCT_BUNDLE_IDENTIFIER = P.Drinder;
				PRODUCT_NAME = Drinder;
				TARGETED_DEVICE_FAMILY = "1,2";
			};
			name = Release;
		};
/* End XCBuildConfiguration section */

/* Begin XCConfigurationList section */
		F3C526B924D498E0007DCAED /* Build configuration list for PBXProject "Drinder-ios" */ = {
			isa = XCConfigurationList;
			buildConfigurations = (
				F3C526D524D498E6007DCAED /* Debug */,
				F3C526D624D498E6007DCAED /* Release */,
			);
			defaultConfigurationIsVisible = 0;
			defaultConfigurationName = Release;
		};
		F3C526D724D498E6007DCAED /* Build configuration list for PBXNativeTarget "Drinder-ios" */ = {
			isa = XCConfigurationList;
			buildConfigurations = (
				F3C526D824D498E6007DCAED /* Debug */,
				F3C526D924D498E6007DCAED /* Release */,
			);
			defaultConfigurationIsVisible = 0;
			defaultConfigurationName = Release;
		};
/* End XCConfigurationList section */
	};
	rootObject = F3C526B624D498E0007DCAED /* Project object */;
}
